// !$*UTF8*$!
{
	archiveVersion = 1;
	classes = {
	};
	objectVersion = 52;
	objects = {

/* Begin PBXBuildFile section */
		FA330BF825B41B56006E3E5C /* AppDelegate.swift in Sources */ = {isa = PBXBuildFile; fileRef = FA330BF725B41B56006E3E5C /* AppDelegate.swift */; };
		FA330C0125B41B56006E3E5C /* Assets.xcassets in Resources */ = {isa = PBXBuildFile; fileRef = FA330C0025B41B56006E3E5C /* Assets.xcassets */; };
		FA330C0425B41B56006E3E5C /* LaunchScreen.storyboard in Resources */ = {isa = PBXBuildFile; fileRef = FA330C0225B41B56006E3E5C /* LaunchScreen.storyboard */; };
		FA330C0F25B41B57006E3E5C /* WeatherDemoTests.swift in Sources */ = {isa = PBXBuildFile; fileRef = FA330C0E25B41B57006E3E5C /* WeatherDemoTests.swift */; };
		FA330C1A25B41B57006E3E5C /* WeatherDemoUITests.swift in Sources */ = {isa = PBXBuildFile; fileRef = FA330C1925B41B57006E3E5C /* WeatherDemoUITests.swift */; };
		FA330C4B25B42687006E3E5C /* AppCoordinator.swift in Sources */ = {isa = PBXBuildFile; fileRef = FA330C4A25B42687006E3E5C /* AppCoordinator.swift */; };
		FA330C5025B426B2006E3E5C /* AppAssembly.swift in Sources */ = {isa = PBXBuildFile; fileRef = FA330C4F25B426B2006E3E5C /* AppAssembly.swift */; };
		FA330C8625B42E79006E3E5C /* MainBuilder.swift in Sources */ = {isa = PBXBuildFile; fileRef = FA330C8125B42E79006E3E5C /* MainBuilder.swift */; };
		FA330C8725B42E79006E3E5C /* MainViewController.xib in Resources */ = {isa = PBXBuildFile; fileRef = FA330C8225B42E79006E3E5C /* MainViewController.xib */; };
		FA330C8825B42E79006E3E5C /* MainViewController.swift in Sources */ = {isa = PBXBuildFile; fileRef = FA330C8325B42E79006E3E5C /* MainViewController.swift */; };
		FA330C8925B42E79006E3E5C /* MainContract.swift in Sources */ = {isa = PBXBuildFile; fileRef = FA330C8425B42E79006E3E5C /* MainContract.swift */; };
		FA330C8A25B42E79006E3E5C /* MainPresenter.swift in Sources */ = {isa = PBXBuildFile; fileRef = FA330C8525B42E79006E3E5C /* MainPresenter.swift */; };
		FA330C9025B42EA1006E3E5C /* View.swift in Sources */ = {isa = PBXBuildFile; fileRef = FA330C8F25B42EA1006E3E5C /* View.swift */; };
		FA330C9825B42EA8006E3E5C /* Presenter.swift in Sources */ = {isa = PBXBuildFile; fileRef = FA330C9725B42EA8006E3E5C /* Presenter.swift */; };
		FA330C9D25B42EBA006E3E5C /* TitleSettable.swift in Sources */ = {isa = PBXBuildFile; fileRef = FA330C9C25B42EBA006E3E5C /* TitleSettable.swift */; };
		FA330CA225B42EC3006E3E5C /* MessagePresenting.swift in Sources */ = {isa = PBXBuildFile; fileRef = FA330CA125B42EC3006E3E5C /* MessagePresenting.swift */; };
		FA330CAB25B430B9006E3E5C /* Response.json in Resources */ = {isa = PBXBuildFile; fileRef = FA330CAA25B430B9006E3E5C /* Response.json */; };
		FA330CB025B43935006E3E5C /* ForecastView.swift in Sources */ = {isa = PBXBuildFile; fileRef = FA330CAF25B43935006E3E5C /* ForecastView.swift */; };
		FA330CB625B4612F006E3E5C /* ForecastHeaderCell.swift in Sources */ = {isa = PBXBuildFile; fileRef = FA330CB425B4612F006E3E5C /* ForecastHeaderCell.swift */; };
		FA330CB725B4612F006E3E5C /* ForecastHeaderCell.xib in Resources */ = {isa = PBXBuildFile; fileRef = FA330CB525B4612F006E3E5C /* ForecastHeaderCell.xib */; };
		FA330CBD25B4613E006E3E5C /* ForecastValueCell.swift in Sources */ = {isa = PBXBuildFile; fileRef = FA330CBB25B4613E006E3E5C /* ForecastValueCell.swift */; };
		FA330CBE25B4613E006E3E5C /* ForecastValueCell.xib in Resources */ = {isa = PBXBuildFile; fileRef = FA330CBC25B4613E006E3E5C /* ForecastValueCell.xib */; };
		FA330CC825B472BC006E3E5C /* ForecastViewLayout.swift in Sources */ = {isa = PBXBuildFile; fileRef = FA330CC725B472BC006E3E5C /* ForecastViewLayout.swift */; };
		FA330CD025B47F42006E3E5C /* Icons.json in Resources */ = {isa = PBXBuildFile; fileRef = FA330CCF25B47F42006E3E5C /* Icons.json */; };
		FA330CDB25B48B82006E3E5C /* Entities in Frameworks */ = {isa = PBXBuildFile; productRef = FA330CDA25B48B82006E3E5C /* Entities */; };
		FA330CDD25B48B82006E3E5C /* Services in Frameworks */ = {isa = PBXBuildFile; productRef = FA330CDC25B48B82006E3E5C /* Services */; };
/* End PBXBuildFile section */

/* Begin PBXContainerItemProxy section */
		FA330C0B25B41B57006E3E5C /* PBXContainerItemProxy */ = {
			isa = PBXContainerItemProxy;
			containerPortal = FA330BEC25B41B56006E3E5C /* Project object */;
			proxyType = 1;
			remoteGlobalIDString = FA330BF325B41B56006E3E5C;
			remoteInfo = WeatherDemo;
		};
		FA330C1625B41B57006E3E5C /* PBXContainerItemProxy */ = {
			isa = PBXContainerItemProxy;
			containerPortal = FA330BEC25B41B56006E3E5C /* Project object */;
			proxyType = 1;
			remoteGlobalIDString = FA330BF325B41B56006E3E5C;
			remoteInfo = WeatherDemo;
		};
/* End PBXContainerItemProxy section */

/* Begin PBXFileReference section */
		FA330BF425B41B56006E3E5C /* WeatherDemo.app */ = {isa = PBXFileReference; explicitFileType = wrapper.application; includeInIndex = 0; path = WeatherDemo.app; sourceTree = BUILT_PRODUCTS_DIR; };
		FA330BF725B41B56006E3E5C /* AppDelegate.swift */ = {isa = PBXFileReference; lastKnownFileType = sourcecode.swift; path = AppDelegate.swift; sourceTree = "<group>"; };
		FA330C0025B41B56006E3E5C /* Assets.xcassets */ = {isa = PBXFileReference; lastKnownFileType = folder.assetcatalog; path = Assets.xcassets; sourceTree = "<group>"; };
		FA330C0325B41B56006E3E5C /* Base */ = {isa = PBXFileReference; lastKnownFileType = file.storyboard; name = Base; path = Base.lproj/LaunchScreen.storyboard; sourceTree = "<group>"; };
		FA330C0525B41B56006E3E5C /* Info.plist */ = {isa = PBXFileReference; lastKnownFileType = text.plist.xml; path = Info.plist; sourceTree = "<group>"; };
		FA330C0A25B41B57006E3E5C /* WeatherDemoTests.xctest */ = {isa = PBXFileReference; explicitFileType = wrapper.cfbundle; includeInIndex = 0; path = WeatherDemoTests.xctest; sourceTree = BUILT_PRODUCTS_DIR; };
		FA330C0E25B41B57006E3E5C /* WeatherDemoTests.swift */ = {isa = PBXFileReference; lastKnownFileType = sourcecode.swift; path = WeatherDemoTests.swift; sourceTree = "<group>"; };
		FA330C1025B41B57006E3E5C /* Info.plist */ = {isa = PBXFileReference; lastKnownFileType = text.plist.xml; path = Info.plist; sourceTree = "<group>"; };
		FA330C1525B41B57006E3E5C /* WeatherDemoUITests.xctest */ = {isa = PBXFileReference; explicitFileType = wrapper.cfbundle; includeInIndex = 0; path = WeatherDemoUITests.xctest; sourceTree = BUILT_PRODUCTS_DIR; };
		FA330C1925B41B57006E3E5C /* WeatherDemoUITests.swift */ = {isa = PBXFileReference; lastKnownFileType = sourcecode.swift; path = WeatherDemoUITests.swift; sourceTree = "<group>"; };
		FA330C1B25B41B57006E3E5C /* Info.plist */ = {isa = PBXFileReference; lastKnownFileType = text.plist.xml; path = Info.plist; sourceTree = "<group>"; };
		FA330C4A25B42687006E3E5C /* AppCoordinator.swift */ = {isa = PBXFileReference; lastKnownFileType = sourcecode.swift; path = AppCoordinator.swift; sourceTree = "<group>"; };
		FA330C4F25B426B2006E3E5C /* AppAssembly.swift */ = {isa = PBXFileReference; lastKnownFileType = sourcecode.swift; path = AppAssembly.swift; sourceTree = "<group>"; };
		FA330C6025B42A5D006E3E5C /* Services */ = {isa = PBXFileReference; lastKnownFileType = folder; path = Services; sourceTree = "<group>"; };
		FA330C6725B42B58006E3E5C /* Entities */ = {isa = PBXFileReference; lastKnownFileType = folder; path = Entities; sourceTree = "<group>"; };
		FA330C8125B42E79006E3E5C /* MainBuilder.swift */ = {isa = PBXFileReference; fileEncoding = 4; lastKnownFileType = sourcecode.swift; path = MainBuilder.swift; sourceTree = "<group>"; };
		FA330C8225B42E79006E3E5C /* MainViewController.xib */ = {isa = PBXFileReference; fileEncoding = 4; lastKnownFileType = file.xib; path = MainViewController.xib; sourceTree = "<group>"; };
		FA330C8325B42E79006E3E5C /* MainViewController.swift */ = {isa = PBXFileReference; fileEncoding = 4; lastKnownFileType = sourcecode.swift; path = MainViewController.swift; sourceTree = "<group>"; };
		FA330C8425B42E79006E3E5C /* MainContract.swift */ = {isa = PBXFileReference; fileEncoding = 4; lastKnownFileType = sourcecode.swift; path = MainContract.swift; sourceTree = "<group>"; };
		FA330C8525B42E79006E3E5C /* MainPresenter.swift */ = {isa = PBXFileReference; fileEncoding = 4; lastKnownFileType = sourcecode.swift; path = MainPresenter.swift; sourceTree = "<group>"; };
		FA330C8F25B42EA1006E3E5C /* View.swift */ = {isa = PBXFileReference; lastKnownFileType = sourcecode.swift; path = View.swift; sourceTree = "<group>"; };
		FA330C9725B42EA8006E3E5C /* Presenter.swift */ = {isa = PBXFileReference; lastKnownFileType = sourcecode.swift; path = Presenter.swift; sourceTree = "<group>"; };
		FA330C9C25B42EBA006E3E5C /* TitleSettable.swift */ = {isa = PBXFileReference; lastKnownFileType = sourcecode.swift; path = TitleSettable.swift; sourceTree = "<group>"; };
		FA330CA125B42EC3006E3E5C /* MessagePresenting.swift */ = {isa = PBXFileReference; lastKnownFileType = sourcecode.swift; path = MessagePresenting.swift; sourceTree = "<group>"; };
		FA330CAA25B430B9006E3E5C /* Response.json */ = {isa = PBXFileReference; lastKnownFileType = text.json; path = Response.json; sourceTree = "<group>"; };
		FA330CAF25B43935006E3E5C /* ForecastView.swift */ = {isa = PBXFileReference; lastKnownFileType = sourcecode.swift; path = ForecastView.swift; sourceTree = "<group>"; };
		FA330CB425B4612F006E3E5C /* ForecastHeaderCell.swift */ = {isa = PBXFileReference; lastKnownFileType = sourcecode.swift; path = ForecastHeaderCell.swift; sourceTree = "<group>"; };
		FA330CB525B4612F006E3E5C /* ForecastHeaderCell.xib */ = {isa = PBXFileReference; lastKnownFileType = file.xib; path = ForecastHeaderCell.xib; sourceTree = "<group>"; };
		FA330CBB25B4613E006E3E5C /* ForecastValueCell.swift */ = {isa = PBXFileReference; lastKnownFileType = sourcecode.swift; path = ForecastValueCell.swift; sourceTree = "<group>"; };
		FA330CBC25B4613E006E3E5C /* ForecastValueCell.xib */ = {isa = PBXFileReference; lastKnownFileType = file.xib; path = ForecastValueCell.xib; sourceTree = "<group>"; };
		FA330CC725B472BC006E3E5C /* ForecastViewLayout.swift */ = {isa = PBXFileReference; lastKnownFileType = sourcecode.swift; path = ForecastViewLayout.swift; sourceTree = "<group>"; };
		FA330CCF25B47F42006E3E5C /* Icons.json */ = {isa = PBXFileReference; fileEncoding = 4; lastKnownFileType = text.json; path = Icons.json; sourceTree = "<group>"; };
/* End PBXFileReference section */

/* Begin PBXFrameworksBuildPhase section */
		FA330BF125B41B56006E3E5C /* Frameworks */ = {
			isa = PBXFrameworksBuildPhase;
			buildActionMask = 2147483647;
			files = (
				FA330CDD25B48B82006E3E5C /* Services in Frameworks */,
				FA330CDB25B48B82006E3E5C /* Entities in Frameworks */,
			);
			runOnlyForDeploymentPostprocessing = 0;
		};
		FA330C0725B41B57006E3E5C /* Frameworks */ = {
			isa = PBXFrameworksBuildPhase;
			buildActionMask = 2147483647;
			files = (
			);
			runOnlyForDeploymentPostprocessing = 0;
		};
		FA330C1225B41B57006E3E5C /* Frameworks */ = {
			isa = PBXFrameworksBuildPhase;
			buildActionMask = 2147483647;
			files = (
			);
			runOnlyForDeploymentPostprocessing = 0;
		};
/* End PBXFrameworksBuildPhase section */

/* Begin PBXGroup section */
		FA330BEB25B41B56006E3E5C = {
			isa = PBXGroup;
			children = (
				FA330C6725B42B58006E3E5C /* Entities */,
				FA330C6025B42A5D006E3E5C /* Services */,
				FA330BF625B41B56006E3E5C /* WeatherDemo */,
				FA330C0D25B41B57006E3E5C /* WeatherDemoTests */,
				FA330C1825B41B57006E3E5C /* WeatherDemoUITests */,
				FA330BF525B41B56006E3E5C /* Products */,
				FA330CD925B48B82006E3E5C /* Frameworks */,
			);
			sourceTree = "<group>";
		};
		FA330BF525B41B56006E3E5C /* Products */ = {
			isa = PBXGroup;
			children = (
				FA330BF425B41B56006E3E5C /* WeatherDemo.app */,
				FA330C0A25B41B57006E3E5C /* WeatherDemoTests.xctest */,
				FA330C1525B41B57006E3E5C /* WeatherDemoUITests.xctest */,
			);
			name = Products;
			sourceTree = "<group>";
		};
		FA330BF625B41B56006E3E5C /* WeatherDemo */ = {
			isa = PBXGroup;
			children = (
				FA330C8E25B42E90006E3E5C /* Protocols */,
				FA330C7F25B42E79006E3E5C /* Modules */,
				FA330C4725B425B5006E3E5C /* SupportFiles */,
				FA330C4A25B42687006E3E5C /* AppCoordinator.swift */,
				FA330C4F25B426B2006E3E5C /* AppAssembly.swift */,
				FA330CCF25B47F42006E3E5C /* Icons.json */,
				FA330CAA25B430B9006E3E5C /* Response.json */,
				FA330C0025B41B56006E3E5C /* Assets.xcassets */,
			);
			path = WeatherDemo;
			sourceTree = "<group>";
		};
		FA330C0D25B41B57006E3E5C /* WeatherDemoTests */ = {
			isa = PBXGroup;
			children = (
				FA330C0E25B41B57006E3E5C /* WeatherDemoTests.swift */,
				FA330C1025B41B57006E3E5C /* Info.plist */,
			);
			path = WeatherDemoTests;
			sourceTree = "<group>";
		};
		FA330C1825B41B57006E3E5C /* WeatherDemoUITests */ = {
			isa = PBXGroup;
			children = (
				FA330C1925B41B57006E3E5C /* WeatherDemoUITests.swift */,
				FA330C1B25B41B57006E3E5C /* Info.plist */,
			);
			path = WeatherDemoUITests;
			sourceTree = "<group>";
		};
		FA330C4725B425B5006E3E5C /* SupportFiles */ = {
			isa = PBXGroup;
			children = (
				FA330C0525B41B56006E3E5C /* Info.plist */,
				FA330C0225B41B56006E3E5C /* LaunchScreen.storyboard */,
				FA330BF725B41B56006E3E5C /* AppDelegate.swift */,
			);
			name = SupportFiles;
			sourceTree = "<group>";
		};
		FA330C7F25B42E79006E3E5C /* Modules */ = {
			isa = PBXGroup;
			children = (
				FA330C8025B42E79006E3E5C /* Main */,
			);
			path = Modules;
			sourceTree = "<group>";
		};
		FA330C8025B42E79006E3E5C /* Main */ = {
			isa = PBXGroup;
			children = (
				FA330CA625B42F18006E3E5C /* Views */,
				FA330C8125B42E79006E3E5C /* MainBuilder.swift */,
				FA330C8425B42E79006E3E5C /* MainContract.swift */,
				FA330C8525B42E79006E3E5C /* MainPresenter.swift */,
				FA330C8325B42E79006E3E5C /* MainViewController.swift */,
				FA330C8225B42E79006E3E5C /* MainViewController.xib */,
			);
			path = Main;
			sourceTree = "<group>";
		};
		FA330C8E25B42E90006E3E5C /* Protocols */ = {
			isa = PBXGroup;
			children = (
				FA330CA125B42EC3006E3E5C /* MessagePresenting.swift */,
				FA330C9725B42EA8006E3E5C /* Presenter.swift */,
				FA330C9C25B42EBA006E3E5C /* TitleSettable.swift */,
				FA330C8F25B42EA1006E3E5C /* View.swift */,
			);
			path = Protocols;
			sourceTree = "<group>";
		};
		FA330CA625B42F18006E3E5C /* Views */ = {
			isa = PBXGroup;
			children = (
				FA330CB425B4612F006E3E5C /* ForecastHeaderCell.swift */,
				FA330CB525B4612F006E3E5C /* ForecastHeaderCell.xib */,
				FA330CBB25B4613E006E3E5C /* ForecastValueCell.swift */,
				FA330CBC25B4613E006E3E5C /* ForecastValueCell.xib */,
				FA330CAF25B43935006E3E5C /* ForecastView.swift */,
				FA330CC725B472BC006E3E5C /* ForecastViewLayout.swift */,
			);
			path = Views;
			sourceTree = "<group>";
		};
		FA330CD925B48B82006E3E5C /* Frameworks */ = {
			isa = PBXGroup;
			children = (
			);
			name = Frameworks;
			sourceTree = "<group>";
		};
/* End PBXGroup section */

/* Begin PBXNativeTarget section */
		FA330BF325B41B56006E3E5C /* WeatherDemo */ = {
			isa = PBXNativeTarget;
			buildConfigurationList = FA330C1E25B41B57006E3E5C /* Build configuration list for PBXNativeTarget "WeatherDemo" */;
			buildPhases = (
				FA330C5C25B427E4006E3E5C /* Run swiftlint */,
				FA330BF025B41B56006E3E5C /* Sources */,
				FA330BF125B41B56006E3E5C /* Frameworks */,
				FA330BF225B41B56006E3E5C /* Resources */,
			);
			buildRules = (
			);
			dependencies = (
			);
			name = WeatherDemo;
			packageProductDependencies = (
				FA330CDA25B48B82006E3E5C /* Entities */,
				FA330CDC25B48B82006E3E5C /* Services */,
			);
			productName = WeatherDemo;
			productReference = FA330BF425B41B56006E3E5C /* WeatherDemo.app */;
			productType = "com.apple.product-type.application";
		};
		FA330C0925B41B57006E3E5C /* WeatherDemoTests */ = {
			isa = PBXNativeTarget;
			buildConfigurationList = FA330C2125B41B57006E3E5C /* Build configuration list for PBXNativeTarget "WeatherDemoTests" */;
			buildPhases = (
				FA330C0625B41B57006E3E5C /* Sources */,
				FA330C0725B41B57006E3E5C /* Frameworks */,
				FA330C0825B41B57006E3E5C /* Resources */,
			);
			buildRules = (
			);
			dependencies = (
				FA330C0C25B41B57006E3E5C /* PBXTargetDependency */,
			);
			name = WeatherDemoTests;
			productName = WeatherDemoTests;
			productReference = FA330C0A25B41B57006E3E5C /* WeatherDemoTests.xctest */;
			productType = "com.apple.product-type.bundle.unit-test";
		};
		FA330C1425B41B57006E3E5C /* WeatherDemoUITests */ = {
			isa = PBXNativeTarget;
			buildConfigurationList = FA330C2425B41B57006E3E5C /* Build configuration list for PBXNativeTarget "WeatherDemoUITests" */;
			buildPhases = (
				FA330C1125B41B57006E3E5C /* Sources */,
				FA330C1225B41B57006E3E5C /* Frameworks */,
				FA330C1325B41B57006E3E5C /* Resources */,
			);
			buildRules = (
			);
			dependencies = (
				FA330C1725B41B57006E3E5C /* PBXTargetDependency */,
			);
			name = WeatherDemoUITests;
			productName = WeatherDemoUITests;
			productReference = FA330C1525B41B57006E3E5C /* WeatherDemoUITests.xctest */;
			productType = "com.apple.product-type.bundle.ui-testing";
		};
/* End PBXNativeTarget section */

/* Begin PBXProject section */
		FA330BEC25B41B56006E3E5C /* Project object */ = {
			isa = PBXProject;
			attributes = {
				LastSwiftUpdateCheck = 1230;
				LastUpgradeCheck = 1230;
				TargetAttributes = {
					FA330BF325B41B56006E3E5C = {
						CreatedOnToolsVersion = 12.3;
					};
					FA330C0925B41B57006E3E5C = {
						CreatedOnToolsVersion = 12.3;
						TestTargetID = FA330BF325B41B56006E3E5C;
					};
					FA330C1425B41B57006E3E5C = {
						CreatedOnToolsVersion = 12.3;
						TestTargetID = FA330BF325B41B56006E3E5C;
					};
				};
			};
			buildConfigurationList = FA330BEF25B41B56006E3E5C /* Build configuration list for PBXProject "WeatherDemo" */;
			compatibilityVersion = "Xcode 9.3";
			developmentRegion = en;
			hasScannedForEncodings = 0;
			knownRegions = (
				en,
				Base,
			);
			mainGroup = FA330BEB25B41B56006E3E5C;
			productRefGroup = FA330BF525B41B56006E3E5C /* Products */;
			projectDirPath = "";
			projectRoot = "";
			targets = (
				FA330BF325B41B56006E3E5C /* WeatherDemo */,
				FA330C0925B41B57006E3E5C /* WeatherDemoTests */,
				FA330C1425B41B57006E3E5C /* WeatherDemoUITests */,
			);
		};
/* End PBXProject section */

/* Begin PBXResourcesBuildPhase section */
		FA330BF225B41B56006E3E5C /* Resources */ = {
			isa = PBXResourcesBuildPhase;
			buildActionMask = 2147483647;
			files = (
				FA330CAB25B430B9006E3E5C /* Response.json in Resources */,
				FA330C0425B41B56006E3E5C /* LaunchScreen.storyboard in Resources */,
				FA330CD025B47F42006E3E5C /* Icons.json in Resources */,
				FA330C8725B42E79006E3E5C /* MainViewController.xib in Resources */,
				FA330CB725B4612F006E3E5C /* ForecastHeaderCell.xib in Resources */,
				FA330CBE25B4613E006E3E5C /* ForecastValueCell.xib in Resources */,
				FA330C0125B41B56006E3E5C /* Assets.xcassets in Resources */,
			);
			runOnlyForDeploymentPostprocessing = 0;
		};
		FA330C0825B41B57006E3E5C /* Resources */ = {
			isa = PBXResourcesBuildPhase;
			buildActionMask = 2147483647;
			files = (
			);
			runOnlyForDeploymentPostprocessing = 0;
		};
		FA330C1325B41B57006E3E5C /* Resources */ = {
			isa = PBXResourcesBuildPhase;
			buildActionMask = 2147483647;
			files = (
			);
			runOnlyForDeploymentPostprocessing = 0;
		};
/* End PBXResourcesBuildPhase section */

/* Begin PBXShellScriptBuildPhase section */
		FA330C5C25B427E4006E3E5C /* Run swiftlint */ = {
			isa = PBXShellScriptBuildPhase;
			buildActionMask = 2147483647;
			files = (
			);
			inputFileListPaths = (
			);
			inputPaths = (
			);
			name = "Run swiftlint";
			outputFileListPaths = (
			);
			outputPaths = (
			);
			runOnlyForDeploymentPostprocessing = 0;
			shellPath = /bin/sh;
			shellScript = "if which swiftlint >/dev/null; then\n    swiftlint --lenient\nelse\necho \"warning: SwiftLint not installed, download from https://github.com/realm/SwiftLint\"\nfi\n";
		};
/* End PBXShellScriptBuildPhase section */

/* Begin PBXSourcesBuildPhase section */
		FA330BF025B41B56006E3E5C /* Sources */ = {
			isa = PBXSourcesBuildPhase;
			buildActionMask = 2147483647;
			files = (
				FA330CB625B4612F006E3E5C /* ForecastHeaderCell.swift in Sources */,
				FA330C9825B42EA8006E3E5C /* Presenter.swift in Sources */,
				FA330C9025B42EA1006E3E5C /* View.swift in Sources */,
				FA330C8625B42E79006E3E5C /* MainBuilder.swift in Sources */,
				FA330C4B25B42687006E3E5C /* AppCoordinator.swift in Sources */,
				FA330CA225B42EC3006E3E5C /* MessagePresenting.swift in Sources */,
				FA330C9D25B42EBA006E3E5C /* TitleSettable.swift in Sources */,
				FA330C5025B426B2006E3E5C /* AppAssembly.swift in Sources */,
				FA330CC825B472BC006E3E5C /* ForecastViewLayout.swift in Sources */,
				FA330BF825B41B56006E3E5C /* AppDelegate.swift in Sources */,
				FA330C8925B42E79006E3E5C /* MainContract.swift in Sources */,
				FA330C8A25B42E79006E3E5C /* MainPresenter.swift in Sources */,
				FA330C8825B42E79006E3E5C /* MainViewController.swift in Sources */,
				FA330CBD25B4613E006E3E5C /* ForecastValueCell.swift in Sources */,
				FA330CB025B43935006E3E5C /* ForecastView.swift in Sources */,
			);
			runOnlyForDeploymentPostprocessing = 0;
		};
		FA330C0625B41B57006E3E5C /* Sources */ = {
			isa = PBXSourcesBuildPhase;
			buildActionMask = 2147483647;
			files = (
				FA330C0F25B41B57006E3E5C /* WeatherDemoTests.swift in Sources */,
			);
			runOnlyForDeploymentPostprocessing = 0;
		};
		FA330C1125B41B57006E3E5C /* Sources */ = {
			isa = PBXSourcesBuildPhase;
			buildActionMask = 2147483647;
			files = (
				FA330C1A25B41B57006E3E5C /* WeatherDemoUITests.swift in Sources */,
			);
			runOnlyForDeploymentPostprocessing = 0;
		};
/* End PBXSourcesBuildPhase section */

/* Begin PBXTargetDependency section */
		FA330C0C25B41B57006E3E5C /* PBXTargetDependency */ = {
			isa = PBXTargetDependency;
			target = FA330BF325B41B56006E3E5C /* WeatherDemo */;
			targetProxy = FA330C0B25B41B57006E3E5C /* PBXContainerItemProxy */;
		};
		FA330C1725B41B57006E3E5C /* PBXTargetDependency */ = {
			isa = PBXTargetDependency;
			target = FA330BF325B41B56006E3E5C /* WeatherDemo */;
			targetProxy = FA330C1625B41B57006E3E5C /* PBXContainerItemProxy */;
		};
/* End PBXTargetDependency section */

/* Begin PBXVariantGroup section */
		FA330C0225B41B56006E3E5C /* LaunchScreen.storyboard */ = {
			isa = PBXVariantGroup;
			children = (
				FA330C0325B41B56006E3E5C /* Base */,
			);
			name = LaunchScreen.storyboard;
			sourceTree = "<group>";
		};
/* End PBXVariantGroup section */

/* Begin XCBuildConfiguration section */
		FA330C1C25B41B57006E3E5C /* Debug */ = {
			isa = XCBuildConfiguration;
			buildSettings = {
				ALWAYS_SEARCH_USER_PATHS = NO;
				CLANG_ANALYZER_NONNULL = YES;
				CLANG_ANALYZER_NUMBER_OBJECT_CONVERSION = YES_AGGRESSIVE;
				CLANG_CXX_LANGUAGE_STANDARD = "gnu++14";
				CLANG_CXX_LIBRARY = "libc++";
				CLANG_ENABLE_MODULES = YES;
				CLANG_ENABLE_OBJC_ARC = YES;
				CLANG_ENABLE_OBJC_WEAK = YES;
				CLANG_WARN_BLOCK_CAPTURE_AUTORELEASING = YES;
				CLANG_WARN_BOOL_CONVERSION = YES;
				CLANG_WARN_COMMA = YES;
				CLANG_WARN_CONSTANT_CONVERSION = YES;
				CLANG_WARN_DEPRECATED_OBJC_IMPLEMENTATIONS = YES;
				CLANG_WARN_DIRECT_OBJC_ISA_USAGE = YES_ERROR;
				CLANG_WARN_DOCUMENTATION_COMMENTS = YES;
				CLANG_WARN_EMPTY_BODY = YES;
				CLANG_WARN_ENUM_CONVERSION = YES;
				CLANG_WARN_INFINITE_RECURSION = YES;
				CLANG_WARN_INT_CONVERSION = YES;
				CLANG_WARN_NON_LITERAL_NULL_CONVERSION = YES;
				CLANG_WARN_OBJC_IMPLICIT_RETAIN_SELF = YES;
				CLANG_WARN_OBJC_LITERAL_CONVERSION = YES;
				CLANG_WARN_OBJC_ROOT_CLASS = YES_ERROR;
				CLANG_WARN_QUOTED_INCLUDE_IN_FRAMEWORK_HEADER = YES;
				CLANG_WARN_RANGE_LOOP_ANALYSIS = YES;
				CLANG_WARN_STRICT_PROTOTYPES = YES;
				CLANG_WARN_SUSPICIOUS_MOVE = YES;
				CLANG_WARN_UNGUARDED_AVAILABILITY = YES_AGGRESSIVE;
				CLANG_WARN_UNREACHABLE_CODE = YES;
				CLANG_WARN__DUPLICATE_METHOD_MATCH = YES;
				COPY_PHASE_STRIP = NO;
				DEBUG_INFORMATION_FORMAT = dwarf;
				ENABLE_STRICT_OBJC_MSGSEND = YES;
				ENABLE_TESTABILITY = YES;
				GCC_C_LANGUAGE_STANDARD = gnu11;
				GCC_DYNAMIC_NO_PIC = NO;
				GCC_NO_COMMON_BLOCKS = YES;
				GCC_OPTIMIZATION_LEVEL = 0;
				GCC_PREPROCESSOR_DEFINITIONS = (
					"DEBUG=1",
					"$(inherited)",
				);
				GCC_WARN_64_TO_32_BIT_CONVERSION = YES;
				GCC_WARN_ABOUT_RETURN_TYPE = YES_ERROR;
				GCC_WARN_UNDECLARED_SELECTOR = YES;
				GCC_WARN_UNINITIALIZED_AUTOS = YES_AGGRESSIVE;
				GCC_WARN_UNUSED_FUNCTION = YES;
				GCC_WARN_UNUSED_VARIABLE = YES;
				IPHONEOS_DEPLOYMENT_TARGET = 13.0;
				MTL_ENABLE_DEBUG_INFO = INCLUDE_SOURCE;
				MTL_FAST_MATH = YES;
				ONLY_ACTIVE_ARCH = YES;
				SDKROOT = iphoneos;
				SWIFT_ACTIVE_COMPILATION_CONDITIONS = DEBUG;
				SWIFT_OPTIMIZATION_LEVEL = "-Onone";
			};
			name = Debug;
		};
		FA330C1D25B41B57006E3E5C /* Release */ = {
			isa = XCBuildConfiguration;
			buildSettings = {
				ALWAYS_SEARCH_USER_PATHS = NO;
				CLANG_ANALYZER_NONNULL = YES;
				CLANG_ANALYZER_NUMBER_OBJECT_CONVERSION = YES_AGGRESSIVE;
				CLANG_CXX_LANGUAGE_STANDARD = "gnu++14";
				CLANG_CXX_LIBRARY = "libc++";
				CLANG_ENABLE_MODULES = YES;
				CLANG_ENABLE_OBJC_ARC = YES;
				CLANG_ENABLE_OBJC_WEAK = YES;
				CLANG_WARN_BLOCK_CAPTURE_AUTORELEASING = YES;
				CLANG_WARN_BOOL_CONVERSION = YES;
				CLANG_WARN_COMMA = YES;
				CLANG_WARN_CONSTANT_CONVERSION = YES;
				CLANG_WARN_DEPRECATED_OBJC_IMPLEMENTATIONS = YES;
				CLANG_WARN_DIRECT_OBJC_ISA_USAGE = YES_ERROR;
				CLANG_WARN_DOCUMENTATION_COMMENTS = YES;
				CLANG_WARN_EMPTY_BODY = YES;
				CLANG_WARN_ENUM_CONVERSION = YES;
				CLANG_WARN_INFINITE_RECURSION = YES;
				CLANG_WARN_INT_CONVERSION = YES;
				CLANG_WARN_NON_LITERAL_NULL_CONVERSION = YES;
				CLANG_WARN_OBJC_IMPLICIT_RETAIN_SELF = YES;
				CLANG_WARN_OBJC_LITERAL_CONVERSION = YES;
				CLANG_WARN_OBJC_ROOT_CLASS = YES_ERROR;
				CLANG_WARN_QUOTED_INCLUDE_IN_FRAMEWORK_HEADER = YES;
				CLANG_WARN_RANGE_LOOP_ANALYSIS = YES;
				CLANG_WARN_STRICT_PROTOTYPES = YES;
				CLANG_WARN_SUSPICIOUS_MOVE = YES;
				CLANG_WARN_UNGUARDED_AVAILABILITY = YES_AGGRESSIVE;
				CLANG_WARN_UNREACHABLE_CODE = YES;
				CLANG_WARN__DUPLICATE_METHOD_MATCH = YES;
				COPY_PHASE_STRIP = NO;
				DEBUG_INFORMATION_FORMAT = "dwarf-with-dsym";
				ENABLE_NS_ASSERTIONS = NO;
				ENABLE_STRICT_OBJC_MSGSEND = YES;
				GCC_C_LANGUAGE_STANDARD = gnu11;
				GCC_NO_COMMON_BLOCKS = YES;
				GCC_WARN_64_TO_32_BIT_CONVERSION = YES;
				GCC_WARN_ABOUT_RETURN_TYPE = YES_ERROR;
				GCC_WARN_UNDECLARED_SELECTOR = YES;
				GCC_WARN_UNINITIALIZED_AUTOS = YES_AGGRESSIVE;
				GCC_WARN_UNUSED_FUNCTION = YES;
				GCC_WARN_UNUSED_VARIABLE = YES;
				IPHONEOS_DEPLOYMENT_TARGET = 13.0;
				MTL_ENABLE_DEBUG_INFO = NO;
				MTL_FAST_MATH = YES;
				SDKROOT = iphoneos;
				SWIFT_COMPILATION_MODE = wholemodule;
				SWIFT_OPTIMIZATION_LEVEL = "-O";
				VALIDATE_PRODUCT = YES;
			};
			name = Release;
		};
		FA330C1F25B41B57006E3E5C /* Debug */ = {
			isa = XCBuildConfiguration;
			buildSettings = {
				ASSETCATALOG_COMPILER_APPICON_NAME = AppIcon;
				ASSETCATALOG_COMPILER_GLOBAL_ACCENT_COLOR_NAME = AccentColor;
				CODE_SIGN_STYLE = Automatic;
				DEVELOPMENT_TEAM = SCN28MXYNN;
				INFOPLIST_FILE = WeatherDemo/Info.plist;
				LD_RUNPATH_SEARCH_PATHS = (
					"$(inherited)",
					"@executable_path/Frameworks",
				);
				PRODUCT_BUNDLE_IDENTIFIER = com.avorobjov.WeatherDemo;
				PRODUCT_NAME = "$(TARGET_NAME)";
				SWIFT_VERSION = 5.0;
				TARGETED_DEVICE_FAMILY = "1,2";
			};
			name = Debug;
		};
		FA330C2025B41B57006E3E5C /* Release */ = {
			isa = XCBuildConfiguration;
			buildSettings = {
				ASSETCATALOG_COMPILER_APPICON_NAME = AppIcon;
				ASSETCATALOG_COMPILER_GLOBAL_ACCENT_COLOR_NAME = AccentColor;
				CODE_SIGN_STYLE = Automatic;
				DEVELOPMENT_TEAM = SCN28MXYNN;
				INFOPLIST_FILE = WeatherDemo/Info.plist;
				LD_RUNPATH_SEARCH_PATHS = (
					"$(inherited)",
					"@executable_path/Frameworks",
				);
				PRODUCT_BUNDLE_IDENTIFIER = com.avorobjov.WeatherDemo;
				PRODUCT_NAME = "$(TARGET_NAME)";
				SWIFT_VERSION = 5.0;
				TARGETED_DEVICE_FAMILY = "1,2";
			};
			name = Release;
		};
		FA330C2225B41B57006E3E5C /* Debug */ = {
			isa = XCBuildConfiguration;
			buildSettings = {
				ALWAYS_EMBED_SWIFT_STANDARD_LIBRARIES = YES;
				BUNDLE_LOADER = "$(TEST_HOST)";
				CODE_SIGN_STYLE = Automatic;
				DEVELOPMENT_TEAM = SCN28MXYNN;
				INFOPLIST_FILE = WeatherDemoTests/Info.plist;
				IPHONEOS_DEPLOYMENT_TARGET = 14.3;
				LD_RUNPATH_SEARCH_PATHS = (
					"$(inherited)",
					"@executable_path/Frameworks",
					"@loader_path/Frameworks",
				);
				PRODUCT_BUNDLE_IDENTIFIER = com.avorobjov.WeatherDemoTests;
				PRODUCT_NAME = "$(TARGET_NAME)";
				SWIFT_VERSION = 5.0;
				TARGETED_DEVICE_FAMILY = "1,2";
				TEST_HOST = "$(BUILT_PRODUCTS_DIR)/WeatherDemo.app/WeatherDemo";
			};
			name = Debug;
		};
		FA330C2325B41B57006E3E5C /* Release */ = {
			isa = XCBuildConfiguration;
			buildSettings = {
				ALWAYS_EMBED_SWIFT_STANDARD_LIBRARIES = YES;
				BUNDLE_LOADER = "$(TEST_HOST)";
				CODE_SIGN_STYLE = Automatic;
				DEVELOPMENT_TEAM = SCN28MXYNN;
				INFOPLIST_FILE = WeatherDemoTests/Info.plist;
				IPHONEOS_DEPLOYMENT_TARGET = 14.3;
				LD_RUNPATH_SEARCH_PATHS = (
					"$(inherited)",
					"@executable_path/Frameworks",
					"@loader_path/Frameworks",
				);
				PRODUCT_BUNDLE_IDENTIFIER = com.avorobjov.WeatherDemoTests;
				PRODUCT_NAME = "$(TARGET_NAME)";
				SWIFT_VERSION = 5.0;
				TARGETED_DEVICE_FAMILY = "1,2";
				TEST_HOST = "$(BUILT_PRODUCTS_DIR)/WeatherDemo.app/WeatherDemo";
			};
			name = Release;
		};
		FA330C2525B41B57006E3E5C /* Debug */ = {
			isa = XCBuildConfiguration;
			buildSettings = {
				ALWAYS_EMBED_SWIFT_STANDARD_LIBRARIES = YES;
				CODE_SIGN_STYLE = Automatic;
				DEVELOPMENT_TEAM = SCN28MXYNN;
				INFOPLIST_FILE = WeatherDemoUITests/Info.plist;
				LD_RUNPATH_SEARCH_PATHS = (
					"$(inherited)",
					"@executable_path/Frameworks",
					"@loader_path/Frameworks",
				);
				PRODUCT_BUNDLE_IDENTIFIER = com.avorobjov.WeatherDemoUITests;
				PRODUCT_NAME = "$(TARGET_NAME)";
				SWIFT_VERSION = 5.0;
				TARGETED_DEVICE_FAMILY = "1,2";
				TEST_TARGET_NAME = WeatherDemo;
			};
			name = Debug;
		};
		FA330C2625B41B57006E3E5C /* Release */ = {
			isa = XCBuildConfiguration;
			buildSettings = {
				ALWAYS_EMBED_SWIFT_STANDARD_LIBRARIES = YES;
				CODE_SIGN_STYLE = Automatic;
				DEVELOPMENT_TEAM = SCN28MXYNN;
				INFOPLIST_FILE = WeatherDemoUITests/Info.plist;
				LD_RUNPATH_SEARCH_PATHS = (
					"$(inherited)",
					"@executable_path/Frameworks",
					"@loader_path/Frameworks",
				);
				PRODUCT_BUNDLE_IDENTIFIER = com.avorobjov.WeatherDemoUITests;
				PRODUCT_NAME = "$(TARGET_NAME)";
				SWIFT_VERSION = 5.0;
				TARGETED_DEVICE_FAMILY = "1,2";
				TEST_TARGET_NAME = WeatherDemo;
			};
			name = Release;
		};
/* End XCBuildConfiguration section */

/* Begin XCConfigurationList section */
		FA330BEF25B41B56006E3E5C /* Build configuration list for PBXProject "WeatherDemo" */ = {
			isa = XCConfigurationList;
			buildConfigurations = (
				FA330C1C25B41B57006E3E5C /* Debug */,
				FA330C1D25B41B57006E3E5C /* Release */,
			);
			defaultConfigurationIsVisible = 0;
			defaultConfigurationName = Release;
		};
		FA330C1E25B41B57006E3E5C /* Build configuration list for PBXNativeTarget "WeatherDemo" */ = {
			isa = XCConfigurationList;
			buildConfigurations = (
				FA330C1F25B41B57006E3E5C /* Debug */,
				FA330C2025B41B57006E3E5C /* Release */,
			);
			defaultConfigurationIsVisible = 0;
			defaultConfigurationName = Release;
		};
		FA330C2125B41B57006E3E5C /* Build configuration list for PBXNativeTarget "WeatherDemoTests" */ = {
			isa = XCConfigurationList;
			buildConfigurations = (
				FA330C2225B41B57006E3E5C /* Debug */,
				FA330C2325B41B57006E3E5C /* Release */,
			);
			defaultConfigurationIsVisible = 0;
			defaultConfigurationName = Release;
		};
		FA330C2425B41B57006E3E5C /* Build configuration list for PBXNativeTarget "WeatherDemoUITests" */ = {
			isa = XCConfigurationList;
			buildConfigurations = (
				FA330C2525B41B57006E3E5C /* Debug */,
				FA330C2625B41B57006E3E5C /* Release */,
			);
			defaultConfigurationIsVisible = 0;
			defaultConfigurationName = Release;
		};
/* End XCConfigurationList section */

/* Begin XCSwiftPackageProductDependency section */
		FA330CDA25B48B82006E3E5C /* Entities */ = {
			isa = XCSwiftPackageProductDependency;
			productName = Entities;
		};
		FA330CDC25B48B82006E3E5C /* Services */ = {
			isa = XCSwiftPackageProductDependency;
			productName = Services;
		};
/* End XCSwiftPackageProductDependency section */
	};
	rootObject = FA330BEC25B41B56006E3E5C /* Project object */;
}
